// !$*UTF8*$!
{
	archiveVersion = 1;
	classes = {
	};
	objectVersion = 46;
	objects = {

/* Begin PBXBuildFile section */
		E21BD5D41C42F87900712409 /* AssociatedObject.swift in Sources */ = {isa = PBXBuildFile; fileRef = E21BD5D31C42F87900712409 /* AssociatedObject.swift */; };
		E2E4A50B1C42CF8100154F8D /* CoOperation.h in Headers */ = {isa = PBXBuildFile; fileRef = E2E4A50A1C42CF8100154F8D /* CoOperation.h */; settings = {ATTRIBUTES = (Public, ); }; };
		E2E4A5121C42CF8100154F8D /* CoOperation.framework in Frameworks */ = {isa = PBXBuildFile; fileRef = E2E4A5071C42CF8100154F8D /* CoOperation.framework */; };
		E2E4A5171C42CF8100154F8D /* CoOperationTests.swift in Sources */ = {isa = PBXBuildFile; fileRef = E2E4A5161C42CF8100154F8D /* CoOperationTests.swift */; };
		E2E4A5221C42CF9E00154F8D /* CoOperation.swift in Sources */ = {isa = PBXBuildFile; fileRef = E2E4A5211C42CF9E00154F8D /* CoOperation.swift */; };
/* End PBXBuildFile section */

/* Begin PBXContainerItemProxy section */
		E2E4A5131C42CF8100154F8D /* PBXContainerItemProxy */ = {
			isa = PBXContainerItemProxy;
			containerPortal = E2E4A4FE1C42CF8100154F8D /* Project object */;
			proxyType = 1;
			remoteGlobalIDString = E2E4A5061C42CF8100154F8D;
			remoteInfo = CoOperation;
		};
/* End PBXContainerItemProxy section */

/* Begin PBXFileReference section */
		E21BD5D31C42F87900712409 /* AssociatedObject.swift */ = {isa = PBXFileReference; fileEncoding = 4; lastKnownFileType = sourcecode.swift; path = AssociatedObject.swift; sourceTree = "<group>"; };
		E2E4A5071C42CF8100154F8D /* CoOperation.framework */ = {isa = PBXFileReference; explicitFileType = wrapper.framework; includeInIndex = 0; path = CoOperation.framework; sourceTree = BUILT_PRODUCTS_DIR; };
		E2E4A50A1C42CF8100154F8D /* CoOperation.h */ = {isa = PBXFileReference; lastKnownFileType = sourcecode.c.h; path = CoOperation.h; sourceTree = "<group>"; };
		E2E4A50C1C42CF8100154F8D /* Info.plist */ = {isa = PBXFileReference; lastKnownFileType = text.plist.xml; path = Info.plist; sourceTree = "<group>"; };
		E2E4A5111C42CF8100154F8D /* CoOperationTests.xctest */ = {isa = PBXFileReference; explicitFileType = wrapper.cfbundle; includeInIndex = 0; path = CoOperationTests.xctest; sourceTree = BUILT_PRODUCTS_DIR; };
		E2E4A5161C42CF8100154F8D /* CoOperationTests.swift */ = {isa = PBXFileReference; lastKnownFileType = sourcecode.swift; path = CoOperationTests.swift; sourceTree = "<group>"; };
		E2E4A5181C42CF8100154F8D /* Info.plist */ = {isa = PBXFileReference; lastKnownFileType = text.plist.xml; path = Info.plist; sourceTree = "<group>"; };
		E2E4A5211C42CF9E00154F8D /* CoOperation.swift */ = {isa = PBXFileReference; fileEncoding = 4; lastKnownFileType = sourcecode.swift; path = CoOperation.swift; sourceTree = "<group>"; };
/* End PBXFileReference section */

/* Begin PBXFrameworksBuildPhase section */
		E2E4A5031C42CF8100154F8D /* Frameworks */ = {
			isa = PBXFrameworksBuildPhase;
			buildActionMask = 2147483647;
			files = (
			);
			runOnlyForDeploymentPostprocessing = 0;
		};
		E2E4A50E1C42CF8100154F8D /* Frameworks */ = {
			isa = PBXFrameworksBuildPhase;
			buildActionMask = 2147483647;
			files = (
				E2E4A5121C42CF8100154F8D /* CoOperation.framework in Frameworks */,
			);
			runOnlyForDeploymentPostprocessing = 0;
		};
/* End PBXFrameworksBuildPhase section */

/* Begin PBXGroup section */
		E2E4A4FD1C42CF8100154F8D = {
			isa = PBXGroup;
			children = (
				E2E4A5091C42CF8100154F8D /* CoOperation */,
				E2E4A5151C42CF8100154F8D /* CoOperationTests */,
				E2E4A5081C42CF8100154F8D /* Products */,
			);
			sourceTree = "<group>";
		};
		E2E4A5081C42CF8100154F8D /* Products */ = {
			isa = PBXGroup;
			children = (
				E2E4A5071C42CF8100154F8D /* CoOperation.framework */,
				E2E4A5111C42CF8100154F8D /* CoOperationTests.xctest */,
			);
			name = Products;
			sourceTree = "<group>";
		};
		E2E4A5091C42CF8100154F8D /* CoOperation */ = {
			isa = PBXGroup;
			children = (
				E2E4A50A1C42CF8100154F8D /* CoOperation.h */,
				E2E4A50C1C42CF8100154F8D /* Info.plist */,
				E2E4A5211C42CF9E00154F8D /* CoOperation.swift */,
				E21BD5D31C42F87900712409 /* AssociatedObject.swift */,
			);
			path = CoOperation;
			sourceTree = "<group>";
		};
		E2E4A5151C42CF8100154F8D /* CoOperationTests */ = {
			isa = PBXGroup;
			children = (
				E2E4A5161C42CF8100154F8D /* CoOperationTests.swift */,
				E2E4A5181C42CF8100154F8D /* Info.plist */,
			);
			path = CoOperationTests;
			sourceTree = "<group>";
		};
/* End PBXGroup section */

/* Begin PBXHeadersBuildPhase section */
		E2E4A5041C42CF8100154F8D /* Headers */ = {
			isa = PBXHeadersBuildPhase;
			buildActionMask = 2147483647;
			files = (
				E2E4A50B1C42CF8100154F8D /* CoOperation.h in Headers */,
			);
			runOnlyForDeploymentPostprocessing = 0;
		};
/* End PBXHeadersBuildPhase section */

/* Begin PBXNativeTarget section */
		E2E4A5061C42CF8100154F8D /* CoOperation */ = {
			isa = PBXNativeTarget;
			buildConfigurationList = E2E4A51B1C42CF8100154F8D /* Build configuration list for PBXNativeTarget "CoOperation" */;
			buildPhases = (
				E2E4A5021C42CF8100154F8D /* Sources */,
				E2E4A5031C42CF8100154F8D /* Frameworks */,
				E2E4A5041C42CF8100154F8D /* Headers */,
				E2E4A5051C42CF8100154F8D /* Resources */,
			);
			buildRules = (
			);
			dependencies = (
			);
			name = CoOperation;
			productName = CoOperation;
			productReference = E2E4A5071C42CF8100154F8D /* CoOperation.framework */;
			productType = "com.apple.product-type.framework";
		};
		E2E4A5101C42CF8100154F8D /* CoOperationTests */ = {
			isa = PBXNativeTarget;
			buildConfigurationList = E2E4A51E1C42CF8100154F8D /* Build configuration list for PBXNativeTarget "CoOperationTests" */;
			buildPhases = (
				E2E4A50D1C42CF8100154F8D /* Sources */,
				E2E4A50E1C42CF8100154F8D /* Frameworks */,
				E2E4A50F1C42CF8100154F8D /* Resources */,
			);
			buildRules = (
			);
			dependencies = (
				E2E4A5141C42CF8100154F8D /* PBXTargetDependency */,
			);
			name = CoOperationTests;
			productName = CoOperationTests;
			productReference = E2E4A5111C42CF8100154F8D /* CoOperationTests.xctest */;
			productType = "com.apple.product-type.bundle.unit-test";
		};
/* End PBXNativeTarget section */

/* Begin PBXProject section */
		E2E4A4FE1C42CF8100154F8D /* Project object */ = {
			isa = PBXProject;
			attributes = {
				LastSwiftUpdateCheck = 0720;
				LastUpgradeCheck = 0720;
				ORGANIZATIONNAME = "Max Desiatov";
				TargetAttributes = {
					E2E4A5061C42CF8100154F8D = {
						CreatedOnToolsVersion = 7.2;
					};
					E2E4A5101C42CF8100154F8D = {
						CreatedOnToolsVersion = 7.2;
					};
				};
			};
			buildConfigurationList = E2E4A5011C42CF8100154F8D /* Build configuration list for PBXProject "CoOperation" */;
			compatibilityVersion = "Xcode 3.2";
			developmentRegion = English;
			hasScannedForEncodings = 0;
			knownRegions = (
				en,
			);
			mainGroup = E2E4A4FD1C42CF8100154F8D;
			productRefGroup = E2E4A5081C42CF8100154F8D /* Products */;
			projectDirPath = "";
			projectRoot = "";
			targets = (
				E2E4A5061C42CF8100154F8D /* CoOperation */,
				E2E4A5101C42CF8100154F8D /* CoOperationTests */,
			);
		};
/* End PBXProject section */

/* Begin PBXResourcesBuildPhase section */
		E2E4A5051C42CF8100154F8D /* Resources */ = {
			isa = PBXResourcesBuildPhase;
			buildActionMask = 2147483647;
			files = (
			);
			runOnlyForDeploymentPostprocessing = 0;
		};
		E2E4A50F1C42CF8100154F8D /* Resources */ = {
			isa = PBXResourcesBuildPhase;
			buildActionMask = 2147483647;
			files = (
			);
			runOnlyForDeploymentPostprocessing = 0;
		};
/* End PBXResourcesBuildPhase section */

/* Begin PBXSourcesBuildPhase section */
		E2E4A5021C42CF8100154F8D /* Sources */ = {
			isa = PBXSourcesBuildPhase;
			buildActionMask = 2147483647;
			files = (
				E21BD5D41C42F87900712409 /* AssociatedObject.swift in Sources */,
				E2E4A5221C42CF9E00154F8D /* CoOperation.swift in Sources */,
			);
			runOnlyForDeploymentPostprocessing = 0;
		};
		E2E4A50D1C42CF8100154F8D /* Sources */ = {
			isa = PBXSourcesBuildPhase;
			buildActionMask = 2147483647;
			files = (
				E2E4A5171C42CF8100154F8D /* CoOperationTests.swift in Sources */,
			);
			runOnlyForDeploymentPostprocessing = 0;
		};
/* End PBXSourcesBuildPhase section */

/* Begin PBXTargetDependency section */
		E2E4A5141C42CF8100154F8D /* PBXTargetDependency */ = {
			isa = PBXTargetDependency;
			target = E2E4A5061C42CF8100154F8D /* CoOperation */;
			targetProxy = E2E4A5131C42CF8100154F8D /* PBXContainerItemProxy */;
		};
/* End PBXTargetDependency section */

/* Begin XCBuildConfiguration section */
		E2E4A5191C42CF8100154F8D /* Debug */ = {
			isa = XCBuildConfiguration;
			buildSettings = {
				ALWAYS_SEARCH_USER_PATHS = NO;
				CLANG_CXX_LANGUAGE_STANDARD = "gnu++0x";
				CLANG_CXX_LIBRARY = "libc++";
				CLANG_ENABLE_MODULES = YES;
				CLANG_ENABLE_OBJC_ARC = YES;
				CLANG_WARN_BOOL_CONVERSION = YES;
				CLANG_WARN_CONSTANT_CONVERSION = YES;
				CLANG_WARN_DIRECT_OBJC_ISA_USAGE = YES_ERROR;
				CLANG_WARN_EMPTY_BODY = YES;
				CLANG_WARN_ENUM_CONVERSION = YES;
				CLANG_WARN_INT_CONVERSION = YES;
				CLANG_WARN_OBJC_ROOT_CLASS = YES_ERROR;
				CLANG_WARN_UNREACHABLE_CODE = YES;
				CLANG_WARN__DUPLICATE_METHOD_MATCH = YES;
				"CODE_SIGN_IDENTITY[sdk=iphoneos*]" = "iPhone Developer";
				COPY_PHASE_STRIP = NO;
				CURRENT_PROJECT_VERSION = 1;
				DEBUG_INFORMATION_FORMAT = dwarf;
				ENABLE_STRICT_OBJC_MSGSEND = YES;
				ENABLE_TESTABILITY = YES;
				GCC_C_LANGUAGE_STANDARD = gnu99;
				GCC_DYNAMIC_NO_PIC = NO;
				GCC_NO_COMMON_BLOCKS = YES;
				GCC_OPTIMIZATION_LEVEL = 0;
				GCC_PREPROCESSOR_DEFINITIONS = (
					"DEBUG=1",
					"$(inherited)",
				);
				GCC_WARN_64_TO_32_BIT_CONVERSION = YES;
				GCC_WARN_ABOUT_RETURN_TYPE = YES_ERROR;
				GCC_WARN_UNDECLARED_SELECTOR = YES;
				GCC_WARN_UNINITIALIZED_AUTOS = YES_AGGRESSIVE;
				GCC_WARN_UNUSED_FUNCTION = YES;
				GCC_WARN_UNUSED_VARIABLE = YES;
				IPHONEOS_DEPLOYMENT_TARGET = 9.2;
				MTL_ENABLE_DEBUG_INFO = YES;
				ONLY_ACTIVE_ARCH = YES;
				SDKROOT = iphoneos;
				SWIFT_OPTIMIZATION_LEVEL = "-Onone";
				TARGETED_DEVICE_FAMILY = "1,2";
				VERSIONING_SYSTEM = "apple-generic";
				VERSION_INFO_PREFIX = "";
			};
			name = Debug;
		};
		E2E4A51A1C42CF8100154F8D /* Release */ = {
			isa = XCBuildConfiguration;
			buildSettings = {
				ALWAYS_SEARCH_USER_PATHS = NO;
				CLANG_CXX_LANGUAGE_STANDARD = "gnu++0x";
				CLANG_CXX_LIBRARY = "libc++";
				CLANG_ENABLE_MODULES = YES;
				CLANG_ENABLE_OBJC_ARC = YES;
				CLANG_WARN_BOOL_CONVERSION = YES;
				CLANG_WARN_CONSTANT_CONVERSION = YES;
				CLANG_WARN_DIRECT_OBJC_ISA_USAGE = YES_ERROR;
				CLANG_WARN_EMPTY_BODY = YES;
				CLANG_WARN_ENUM_CONVERSION = YES;
				CLANG_WARN_INT_CONVERSION = YES;
				CLANG_WARN_OBJC_ROOT_CLASS = YES_ERROR;
				CLANG_WARN_UNREACHABLE_CODE = YES;
				CLANG_WARN__DUPLICATE_METHOD_MATCH = YES;
				"CODE_SIGN_IDENTITY[sdk=iphoneos*]" = "iPhone Developer";
				COPY_PHASE_STRIP = NO;
				CURRENT_PROJECT_VERSION = 1;
				DEBUG_INFORMATION_FORMAT = "dwarf-with-dsym";
				ENABLE_NS_ASSERTIONS = NO;
				ENABLE_STRICT_OBJC_MSGSEND = YES;
				GCC_C_LANGUAGE_STANDARD = gnu99;
				GCC_NO_COMMON_BLOCKS = YES;
				GCC_WARN_64_TO_32_BIT_CONVERSION = YES;
				GCC_WARN_ABOUT_RETURN_TYPE = YES_ERROR;
				GCC_WARN_UNDECLARED_SELECTOR = YES;
				GCC_WARN_UNINITIALIZED_AUTOS = YES_AGGRESSIVE;
				GCC_WARN_UNUSED_FUNCTION = YES;
				GCC_WARN_UNUSED_VARIABLE = YES;
				IPHONEOS_DEPLOYMENT_TARGET = 9.2;
				MTL_ENABLE_DEBUG_INFO = NO;
				SDKROOT = iphoneos;
				TARGETED_DEVICE_FAMILY = "1,2";
				VALIDATE_PRODUCT = YES;
				VERSIONING_SYSTEM = "apple-generic";
				VERSION_INFO_PREFIX = "";
			};
			name = Release;
		};
		E2E4A51C1C42CF8100154F8D /* Debug */ = {
			isa = XCBuildConfiguration;
			buildSettings = {
				CLANG_ENABLE_MODULES = YES;
				DEFINES_MODULE = YES;
				DYLIB_COMPATIBILITY_VERSION = 1;
				DYLIB_CURRENT_VERSION = 1;
				DYLIB_INSTALL_NAME_BASE = "@rpath";
				INFOPLIST_FILE = CoOperation/Info.plist;
				INSTALL_PATH = "$(LOCAL_LIBRARY_DIR)/Frameworks";
				LD_RUNPATH_SEARCH_PATHS = "$(inherited) @executable_path/Frameworks @loader_path/Frameworks";
				PRODUCT_BUNDLE_IDENTIFIER = com.maxdesiatov.CoOperation;
				PRODUCT_NAME = "$(TARGET_NAME)";
				SKIP_INSTALL = YES;
				SWIFT_OPTIMIZATION_LEVEL = "-Onone";
			};
			name = Debug;
		};
		E2E4A51D1C42CF8100154F8D /* Release */ = {
			isa = XCBuildConfiguration;
			buildSettings = {
				CLANG_ENABLE_MODULES = YES;
				DEFINES_MODULE = YES;
				DYLIB_COMPATIBILITY_VERSION = 1;
				DYLIB_CURRENT_VERSION = 1;
				DYLIB_INSTALL_NAME_BASE = "@rpath";
				INFOPLIST_FILE = CoOperation/Info.plist;
				INSTALL_PATH = "$(LOCAL_LIBRARY_DIR)/Frameworks";
				LD_RUNPATH_SEARCH_PATHS = "$(inherited) @executable_path/Frameworks @loader_path/Frameworks";
				PRODUCT_BUNDLE_IDENTIFIER = com.maxdesiatov.CoOperation;
				PRODUCT_NAME = "$(TARGET_NAME)";
				SKIP_INSTALL = YES;
			};
			name = Release;
		};
		E2E4A51F1C42CF8100154F8D /* Debug */ = {
			isa = XCBuildConfiguration;
			buildSettings = {
				INFOPLIST_FILE = CoOperationTests/Info.plist;
				LD_RUNPATH_SEARCH_PATHS = "$(inherited) @executable_path/Frameworks @loader_path/Frameworks";
				PRODUCT_BUNDLE_IDENTIFIER = com.maxdesiatov.CoOperationTests;
				PRODUCT_NAME = "$(TARGET_NAME)";
			};
			name = Debug;
		};
		E2E4A5201C42CF8100154F8D /* Release */ = {
			isa = XCBuildConfiguration;
			buildSettings = {
				INFOPLIST_FILE = CoOperationTests/Info.plist;
				LD_RUNPATH_SEARCH_PATHS = "$(inherited) @executable_path/Frameworks @loader_path/Frameworks";
				PRODUCT_BUNDLE_IDENTIFIER = com.maxdesiatov.CoOperationTests;
				PRODUCT_NAME = "$(TARGET_NAME)";
			};
			name = Release;
		};
/* End XCBuildConfiguration section */

/* Begin XCConfigurationList section */
		E2E4A5011C42CF8100154F8D /* Build configuration list for PBXProject "CoOperation" */ = {
			isa = XCConfigurationList;
			buildConfigurations = (
				E2E4A5191C42CF8100154F8D /* Debug */,
				E2E4A51A1C42CF8100154F8D /* Release */,
			);
			defaultConfigurationIsVisible = 0;
			defaultConfigurationName = Release;
		};
		E2E4A51B1C42CF8100154F8D /* Build configuration list for PBXNativeTarget "CoOperation" */ = {
			isa = XCConfigurationList;
			buildConfigurations = (
				E2E4A51C1C42CF8100154F8D /* Debug */,
				E2E4A51D1C42CF8100154F8D /* Release */,
			);
			defaultConfigurationIsVisible = 0;
			defaultConfigurationName = Release;
		};
		E2E4A51E1C42CF8100154F8D /* Build configuration list for PBXNativeTarget "CoOperationTests" */ = {
			isa = XCConfigurationList;
			buildConfigurations = (
				E2E4A51F1C42CF8100154F8D /* Debug */,
				E2E4A5201C42CF8100154F8D /* Release */,
			);
			defaultConfigurationIsVisible = 0;
			defaultConfigurationName = Release;
		};
/* End XCConfigurationList section */
	};
	rootObject = E2E4A4FE1C42CF8100154F8D /* Project object */;
}
